<?xml version="1.0" encoding="utf-8"?>
<Project ToolsVersion="4.0" xmlns="http://schemas.microsoft.com/developer/msbuild/2003">
  <ItemGroup>
    <Filter Include="소스 파일">
      <UniqueIdentifier>{4FC737F1-C7A5-4376-A066-2A32D752A2FF}</UniqueIdentifier>
      <Extensions>cpp;c;cc;cxx;c++;cppm;ixx;def;odl;idl;hpj;bat;asm;asmx</Extensions>
    </Filter>
    <Filter Include="헤더 파일">
      <UniqueIdentifier>{93995380-89BD-4b04-88EB-625FBE52EBFB}</UniqueIdentifier>
      <Extensions>h;hh;hpp;hxx;h++;hm;inl;inc;ipp;xsd</Extensions>
    </Filter>
    <Filter Include="리소스 파일">
      <UniqueIdentifier>{67DA6AB6-F800-4c08-8B7A-83BB121AAD01}</UniqueIdentifier>
      <Extensions>rc;ico;cur;bmp;dlg;rc2;rct;bin;rgs;gif;jpg;jpeg;jpe;resx;tiff;tif;png;wav;mfcribbon-ms</Extensions>
    </Filter>
  </ItemGroup>
  <ItemGroup>
    <ClCompile Include="2180016_김효경.c">
      <Filter>소스 파일</Filter>
    </ClCompile>
    <ClCompile Include="C:\Users\user\Desktop\C언어\c_programming_중간_실기\010301_ex1\010301_ex1\010301_ex1.c">
      <Filter>소스 파일</Filter>
    </ClCompile>
    <ClCompile Include="C:\Users\user\Desktop\C언어\c_programming_중간_실기\020101_ex1\020101_ex1\020101_ex1.c">
      <Filter>소스 파일</Filter>
    </ClCompile>
    <ClCompile Include="C:\Users\user\Desktop\C언어\c_programming_중간_실기\020201_ex1\020201_ex1\020201_ex1.c">
      <Filter>소스 파일</Filter>
    </ClCompile>
    <ClCompile Include="C:\Users\user\Desktop\C언어\c_programming_중간_실기\020301_ex1\020301_ex1\020301_ex1.c">
      <Filter>소스 파일</Filter>
    </ClCompile>
    <ClCompile Include="C:\Users\user\Desktop\C언어\c_programming_중간_실기\030301_ex1\030301_ex1\030301_ex1.c">
      <Filter>소스 파일</Filter>
    </ClCompile>
    <ClCompile Include="C:\Users\user\Desktop\C언어\c_programming_중간_실기\040301_ex1\040301_ex1\040301_ex1.c">
      <Filter>소스 파일</Filter>
    </ClCompile>
    <ClCompile Include="C:\Users\user\Desktop\C언어\c_programming_중간_실기\040301_ex2\040301_ex2.c\040301_ex2.c">
      <Filter>소스 파일</Filter>
    </ClCompile>
    <ClCompile Include="C:\Users\user\Desktop\C언어\c_programming_중간_실기\050201_1\050201_1\050201_1.c">
      <Filter>소스 파일</Filter>
    </ClCompile>
    <ClCompile Include="C:\Users\user\Desktop\C언어\c_programming_중간_실기\050301_ex1\050301_ex1\050301_ex1.c">
      <Filter>소스 파일</Filter>
    </ClCompile>
    <ClCompile Include="C:\Users\user\Desktop\C언어\c_programming_중간_실기\050301_ex2\050301_ex2\050301_ex2.c">
      <Filter>소스 파일</Filter>
    </ClCompile>
    <ClCompile Include="C:\Users\user\Desktop\C언어\c_programming_중간_실기\050301_ex3\050301_ex3\050301_ex3.c">
      <Filter>소스 파일</Filter>
    </ClCompile>
    <ClCompile Include="C:\Users\user\Desktop\C언어\c_programming_중간_실기\060101_1\060101_1\060101_1.c">
      <Filter>소스 파일</Filter>
    </ClCompile>
    <ClCompile Include="C:\Users\user\Desktop\C언어\c_programming_중간_실기\070301_ex1\070301_ex1\070301_ex1.c">
      <Filter>소스 파일</Filter>
    </ClCompile>
    <ClCompile Include="C:\Users\user\Desktop\C언어\c_programming_중간_실기\070301_ex2\070301_ex2\070301_ex2.c">
      <Filter>소스 파일</Filter>
    </ClCompile>
    <ClCompile Include="C:\Users\user\Desktop\C언어\c_programming_중간_실기\070301_ex3\070301_ex3\070301_ex3.c">
      <Filter>소스 파일</Filter>
    </ClCompile>
    <ClCompile Include="C:\Users\user\Desktop\C언어\c_programming_중간_실기\060301_ex1\060301_ex1\060301_ex1.c">
      <Filter>소스 파일</Filter>
    </ClCompile>
    <ClCompile Include="C:\Users\user\Desktop\C언어\c_programming_중간_실기\060301_ex2\060301_ex2\060301_ex2.c">
      <Filter>소스 파일</Filter>
    </ClCompile>
    <ClCompile Include="C:\Users\user\Desktop\C언어\c_programming_중간_실기\060301_ex3\060301_ex3\060301_ex3.c">
      <Filter>소스 파일</Filter>
    </ClCompile>
  </ItemGroup>
</Project>